// !$*UTF8*$!
{
	archiveVersion = 1;
	classes = {
	};
	objectVersion = 51;
	objects = {

/* Begin PBXBuildFile section */
		1B535F943AF73066BACAFAEF /* Pods_oonishiReonKadai5.framework in Frameworks */ = {isa = PBXBuildFile; fileRef = CD1CAF97DAB61677E03673DB /* Pods_oonishiReonKadai5.framework */; };
		AB2425AF262879F200F0FFA8 /* AppDelegate.swift in Sources */ = {isa = PBXBuildFile; fileRef = AB2425AE262879F200F0FFA8 /* AppDelegate.swift */; };
		AB2425B1262879F200F0FFA8 /* SceneDelegate.swift in Sources */ = {isa = PBXBuildFile; fileRef = AB2425B0262879F200F0FFA8 /* SceneDelegate.swift */; };
		AB2425B3262879F200F0FFA8 /* CalculateViewController.swift in Sources */ = {isa = PBXBuildFile; fileRef = AB2425B2262879F200F0FFA8 /* CalculateViewController.swift */; };
		AB2425B6262879F200F0FFA8 /* Main.storyboard in Resources */ = {isa = PBXBuildFile; fileRef = AB2425B4262879F200F0FFA8 /* Main.storyboard */; };
		AB2425B8262879F900F0FFA8 /* Assets.xcassets in Resources */ = {isa = PBXBuildFile; fileRef = AB2425B7262879F900F0FFA8 /* Assets.xcassets */; };
		AB2425BB262879F900F0FFA8 /* LaunchScreen.storyboard in Resources */ = {isa = PBXBuildFile; fileRef = AB2425B9262879F900F0FFA8 /* LaunchScreen.storyboard */; };
		AB7C811B2629E6C60019691D /* Calculator.swift in Sources */ = {isa = PBXBuildFile; fileRef = AB7C811A2629E6C60019691D /* Calculator.swift */; };
		AB7C811F2629E6F50019691D /* CalculatorViewModel.swift in Sources */ = {isa = PBXBuildFile; fileRef = AB7C811E2629E6F50019691D /* CalculatorViewModel.swift */; };
		AB7C81242629E7380019691D /* UIViewController+Extension.swift in Sources */ = {isa = PBXBuildFile; fileRef = AB7C81232629E7380019691D /* UIViewController+Extension.swift */; };
		AB7C81272629E7650019691D /* CalculatorErrorMessage.swift in Sources */ = {isa = PBXBuildFile; fileRef = AB7C81262629E7650019691D /* CalculatorErrorMessage.swift */; };
/* End PBXBuildFile section */

/* Begin PBXFileReference section */
		5310208B35E747EE8AD07665 /* Pods-oonishiReonKadai5.debug.xcconfig */ = {isa = PBXFileReference; includeInIndex = 1; lastKnownFileType = text.xcconfig; name = "Pods-oonishiReonKadai5.debug.xcconfig"; path = "Target Support Files/Pods-oonishiReonKadai5/Pods-oonishiReonKadai5.debug.xcconfig"; sourceTree = "<group>"; };
		AB2425AB262879F200F0FFA8 /* oonishiReonKadai5.app */ = {isa = PBXFileReference; explicitFileType = wrapper.application; includeInIndex = 0; path = oonishiReonKadai5.app; sourceTree = BUILT_PRODUCTS_DIR; };
		AB2425AE262879F200F0FFA8 /* AppDelegate.swift */ = {isa = PBXFileReference; lastKnownFileType = sourcecode.swift; path = AppDelegate.swift; sourceTree = "<group>"; };
		AB2425B0262879F200F0FFA8 /* SceneDelegate.swift */ = {isa = PBXFileReference; lastKnownFileType = sourcecode.swift; path = SceneDelegate.swift; sourceTree = "<group>"; };
		AB2425B2262879F200F0FFA8 /* CalculateViewController.swift */ = {isa = PBXFileReference; lastKnownFileType = sourcecode.swift; path = CalculateViewController.swift; sourceTree = "<group>"; };
		AB2425B5262879F200F0FFA8 /* Base */ = {isa = PBXFileReference; lastKnownFileType = file.storyboard; name = Base; path = Base.lproj/Main.storyboard; sourceTree = "<group>"; };
		AB2425B7262879F900F0FFA8 /* Assets.xcassets */ = {isa = PBXFileReference; lastKnownFileType = folder.assetcatalog; path = Assets.xcassets; sourceTree = "<group>"; };
		AB2425BA262879F900F0FFA8 /* Base */ = {isa = PBXFileReference; lastKnownFileType = file.storyboard; name = Base; path = Base.lproj/LaunchScreen.storyboard; sourceTree = "<group>"; };
		AB2425BC262879F900F0FFA8 /* Info.plist */ = {isa = PBXFileReference; lastKnownFileType = text.plist.xml; path = Info.plist; sourceTree = "<group>"; };
		AB5779D926503883005BECB9 /* practice.playground */ = {isa = PBXFileReference; lastKnownFileType = file.playground; path = practice.playground; sourceTree = "<group>"; xcLanguageSpecificationIdentifier = xcode.lang.swift; };
		AB7C811A2629E6C60019691D /* Calculator.swift */ = {isa = PBXFileReference; lastKnownFileType = sourcecode.swift; path = Calculator.swift; sourceTree = "<group>"; };
		AB7C811E2629E6F50019691D /* CalculatorViewModel.swift */ = {isa = PBXFileReference; lastKnownFileType = sourcecode.swift; path = CalculatorViewModel.swift; sourceTree = "<group>"; };
		AB7C81232629E7380019691D /* UIViewController+Extension.swift */ = {isa = PBXFileReference; lastKnownFileType = sourcecode.swift; path = "UIViewController+Extension.swift"; sourceTree = "<group>"; };
		AB7C81262629E7650019691D /* CalculatorErrorMessage.swift */ = {isa = PBXFileReference; lastKnownFileType = sourcecode.swift; path = CalculatorErrorMessage.swift; sourceTree = "<group>"; };
		C463C6672E0CE2445485BFAC /* Pods-oonishiReonKadai5.release.xcconfig */ = {isa = PBXFileReference; includeInIndex = 1; lastKnownFileType = text.xcconfig; name = "Pods-oonishiReonKadai5.release.xcconfig"; path = "Target Support Files/Pods-oonishiReonKadai5/Pods-oonishiReonKadai5.release.xcconfig"; sourceTree = "<group>"; };
		CD1CAF97DAB61677E03673DB /* Pods_oonishiReonKadai5.framework */ = {isa = PBXFileReference; explicitFileType = wrapper.framework; includeInIndex = 0; path = Pods_oonishiReonKadai5.framework; sourceTree = BUILT_PRODUCTS_DIR; };
/* End PBXFileReference section */

/* Begin PBXFrameworksBuildPhase section */
		AB2425A8262879F200F0FFA8 /* Frameworks */ = {
			isa = PBXFrameworksBuildPhase;
			buildActionMask = 2147483647;
			files = (
				1B535F943AF73066BACAFAEF /* Pods_oonishiReonKadai5.framework in Frameworks */,
			);
			runOnlyForDeploymentPostprocessing = 0;
		};
/* End PBXFrameworksBuildPhase section */

/* Begin PBXGroup section */
		52A8BC2B4CBC96971E429A54 /* Pods */ = {
			isa = PBXGroup;
			children = (
				5310208B35E747EE8AD07665 /* Pods-oonishiReonKadai5.debug.xcconfig */,
				C463C6672E0CE2445485BFAC /* Pods-oonishiReonKadai5.release.xcconfig */,
			);
			path = Pods;
			sourceTree = "<group>";
		};
		AB2425A2262879F100F0FFA8 = {
			isa = PBXGroup;
			children = (
				AB5779D926503883005BECB9 /* practice.playground */,
				AB2425AD262879F200F0FFA8 /* oonishiReonKadai5 */,
				AB2425AC262879F200F0FFA8 /* Products */,
				52A8BC2B4CBC96971E429A54 /* Pods */,
				FAEEE60D4BF0F02249DCADEB /* Frameworks */,
			);
			sourceTree = "<group>";
		};
		AB2425AC262879F200F0FFA8 /* Products */ = {
			isa = PBXGroup;
			children = (
				AB2425AB262879F200F0FFA8 /* oonishiReonKadai5.app */,
			);
			name = Products;
			sourceTree = "<group>";
		};
		AB2425AD262879F200F0FFA8 /* oonishiReonKadai5 */ = {
			isa = PBXGroup;
			children = (
				AB7C81222629E7290019691D /* Extensions */,
				AB7C81212629E7210019691D /* Enums */,
				AB7C81182629E6A30019691D /* Models */,
				AB7C81172629E69C0019691D /* Views */,
				AB7C81192629E6A80019691D /* ViewModels */,
				AB2425AE262879F200F0FFA8 /* AppDelegate.swift */,
				AB2425B0262879F200F0FFA8 /* SceneDelegate.swift */,
				AB2425B7262879F900F0FFA8 /* Assets.xcassets */,
				AB2425B9262879F900F0FFA8 /* LaunchScreen.storyboard */,
				AB2425BC262879F900F0FFA8 /* Info.plist */,
			);
			path = oonishiReonKadai5;
			sourceTree = "<group>";
		};
		AB7C81172629E69C0019691D /* Views */ = {
			isa = PBXGroup;
			children = (
				AB2425B4262879F200F0FFA8 /* Main.storyboard */,
				AB2425B2262879F200F0FFA8 /* CalculateViewController.swift */,
			);
			path = Views;
			sourceTree = "<group>";
		};
		AB7C81182629E6A30019691D /* Models */ = {
			isa = PBXGroup;
			children = (
				AB7C811A2629E6C60019691D /* Calculator.swift */,
			);
			path = Models;
			sourceTree = "<group>";
		};
		AB7C81192629E6A80019691D /* ViewModels */ = {
			isa = PBXGroup;
			children = (
				AB7C811E2629E6F50019691D /* CalculatorViewModel.swift */,
			);
			path = ViewModels;
			sourceTree = "<group>";
		};
		AB7C81212629E7210019691D /* Enums */ = {
			isa = PBXGroup;
			children = (
				AB7C81262629E7650019691D /* CalculatorErrorMessage.swift */,
			);
			path = Enums;
			sourceTree = "<group>";
		};
		AB7C81222629E7290019691D /* Extensions */ = {
			isa = PBXGroup;
			children = (
				AB7C81232629E7380019691D /* UIViewController+Extension.swift */,
			);
			path = Extensions;
			sourceTree = "<group>";
		};
		FAEEE60D4BF0F02249DCADEB /* Frameworks */ = {
			isa = PBXGroup;
			children = (
				CD1CAF97DAB61677E03673DB /* Pods_oonishiReonKadai5.framework */,
			);
			name = Frameworks;
			sourceTree = "<group>";
		};
/* End PBXGroup section */

/* Begin PBXNativeTarget section */
		AB2425AA262879F200F0FFA8 /* oonishiReonKadai5 */ = {
			isa = PBXNativeTarget;
			buildConfigurationList = AB2425BF262879F900F0FFA8 /* Build configuration list for PBXNativeTarget "oonishiReonKadai5" */;
			buildPhases = (
				3BA22738A2310862B96620CA /* [CP] Check Pods Manifest.lock */,
				AB2425A7262879F200F0FFA8 /* Sources */,
				AB2425A8262879F200F0FFA8 /* Frameworks */,
				AB2425A9262879F200F0FFA8 /* Resources */,
				38F56E46975F48362A807187 /* [CP] Embed Pods Frameworks */,
			);
			buildRules = (
			);
			dependencies = (
			);
			name = oonishiReonKadai5;
			productName = oonishiReonKadai5;
			productReference = AB2425AB262879F200F0FFA8 /* oonishiReonKadai5.app */;
			productType = "com.apple.product-type.application";
		};
/* End PBXNativeTarget section */

/* Begin PBXProject section */
		AB2425A3262879F100F0FFA8 /* Project object */ = {
			isa = PBXProject;
			attributes = {
				LastSwiftUpdateCheck = 1240;
				LastUpgradeCheck = 1240;
				TargetAttributes = {
					AB2425AA262879F200F0FFA8 = {
						CreatedOnToolsVersion = 12.4;
					};
				};
			};
			buildConfigurationList = AB2425A6262879F100F0FFA8 /* Build configuration list for PBXProject "oonishiReonKadai5" */;
			compatibilityVersion = "Xcode 9.3";
			developmentRegion = en;
			hasScannedForEncodings = 0;
			knownRegions = (
				en,
				Base,
			);
			mainGroup = AB2425A2262879F100F0FFA8;
			productRefGroup = AB2425AC262879F200F0FFA8 /* Products */;
			projectDirPath = "";
			projectRoot = "";
			targets = (
				AB2425AA262879F200F0FFA8 /* oonishiReonKadai5 */,
			);
		};
/* End PBXProject section */

/* Begin PBXResourcesBuildPhase section */
		AB2425A9262879F200F0FFA8 /* Resources */ = {
			isa = PBXResourcesBuildPhase;
			buildActionMask = 2147483647;
			files = (
				AB2425BB262879F900F0FFA8 /* LaunchScreen.storyboard in Resources */,
				AB2425B8262879F900F0FFA8 /* Assets.xcassets in Resources */,
				AB2425B6262879F200F0FFA8 /* Main.storyboard in Resources */,
			);
			runOnlyForDeploymentPostprocessing = 0;
		};
/* End PBXResourcesBuildPhase section */

/* Begin PBXShellScriptBuildPhase section */
		38F56E46975F48362A807187 /* [CP] Embed Pods Frameworks */ = {
			isa = PBXShellScriptBuildPhase;
			buildActionMask = 2147483647;
			files = (
			);
			inputFileListPaths = (
				"${PODS_ROOT}/Target Support Files/Pods-oonishiReonKadai5/Pods-oonishiReonKadai5-frameworks-${CONFIGURATION}-input-files.xcfilelist",
			);
			name = "[CP] Embed Pods Frameworks";
			outputFileListPaths = (
				"${PODS_ROOT}/Target Support Files/Pods-oonishiReonKadai5/Pods-oonishiReonKadai5-frameworks-${CONFIGURATION}-output-files.xcfilelist",
			);
			runOnlyForDeploymentPostprocessing = 0;
			shellPath = /bin/sh;
			shellScript = "\"${PODS_ROOT}/Target Support Files/Pods-oonishiReonKadai5/Pods-oonishiReonKadai5-frameworks.sh\"\n";
			showEnvVarsInLog = 0;
		};
		3BA22738A2310862B96620CA /* [CP] Check Pods Manifest.lock */ = {
			isa = PBXShellScriptBuildPhase;
			buildActionMask = 2147483647;
			files = (
			);
			inputFileListPaths = (
			);
			inputPaths = (
				"${PODS_PODFILE_DIR_PATH}/Podfile.lock",
				"${PODS_ROOT}/Manifest.lock",
			);
			name = "[CP] Check Pods Manifest.lock";
			outputFileListPaths = (
			);
			outputPaths = (
				"$(DERIVED_FILE_DIR)/Pods-oonishiReonKadai5-checkManifestLockResult.txt",
			);
			runOnlyForDeploymentPostprocessing = 0;
			shellPath = /bin/sh;
			shellScript = "diff \"${PODS_PODFILE_DIR_PATH}/Podfile.lock\" \"${PODS_ROOT}/Manifest.lock\" > /dev/null\nif [ $? != 0 ] ; then\n    # print error to STDERR\n    echo \"error: The sandbox is not in sync with the Podfile.lock. Run 'pod install' or update your CocoaPods installation.\" >&2\n    exit 1\nfi\n# This output is used by Xcode 'outputs' to avoid re-running this script phase.\necho \"SUCCESS\" > \"${SCRIPT_OUTPUT_FILE_0}\"\n";
			showEnvVarsInLog = 0;
		};
/* End PBXShellScriptBuildPhase section */

/* Begin PBXSourcesBuildPhase section */
		AB2425A7262879F200F0FFA8 /* Sources */ = {
			isa = PBXSourcesBuildPhase;
			buildActionMask = 2147483647;
			files = (
				AB7C81272629E7650019691D /* CalculatorErrorMessage.swift in Sources */,
				AB7C81242629E7380019691D /* UIViewController+Extension.swift in Sources */,
				AB2425B3262879F200F0FFA8 /* CalculateViewController.swift in Sources */,
				AB7C811B2629E6C60019691D /* Calculator.swift in Sources */,
				AB2425AF262879F200F0FFA8 /* AppDelegate.swift in Sources */,
				AB2425B1262879F200F0FFA8 /* SceneDelegate.swift in Sources */,
				AB7C811F2629E6F50019691D /* CalculatorViewModel.swift in Sources */,
			);
			runOnlyForDeploymentPostprocessing = 0;
		};
/* End PBXSourcesBuildPhase section */

/* Begin PBXVariantGroup section */
		AB2425B4262879F200F0FFA8 /* Main.storyboard */ = {
			isa = PBXVariantGroup;
			children = (
				AB2425B5262879F200F0FFA8 /* Base */,
			);
			name = Main.storyboard;
			sourceTree = "<group>";
		};
		AB2425B9262879F900F0FFA8 /* LaunchScreen.storyboard */ = {
			isa = PBXVariantGroup;
			children = (
				AB2425BA262879F900F0FFA8 /* Base */,
			);
			name = LaunchScreen.storyboard;
			sourceTree = "<group>";
		};
/* End PBXVariantGroup section */

/* Begin XCBuildConfiguration section */
		AB2425BD262879F900F0FFA8 /* Debug */ = {
			isa = XCBuildConfiguration;
			buildSettings = {
				ALWAYS_SEARCH_USER_PATHS = NO;
				CLANG_ANALYZER_NONNULL = YES;
				CLANG_ANALYZER_NUMBER_OBJECT_CONVERSION = YES_AGGRESSIVE;
				CLANG_CXX_LANGUAGE_STANDARD = "gnu++14";
				CLANG_CXX_LIBRARY = "libc++";
				CLANG_ENABLE_MODULES = YES;
				CLANG_ENABLE_OBJC_ARC = YES;
				CLANG_ENABLE_OBJC_WEAK = YES;
				CLANG_WARN_BLOCK_CAPTURE_AUTORELEASING = YES;
				CLANG_WARN_BOOL_CONVERSION = YES;
				CLANG_WARN_COMMA = YES;
				CLANG_WARN_CONSTANT_CONVERSION = YES;
				CLANG_WARN_DEPRECATED_OBJC_IMPLEMENTATIONS = YES;
				CLANG_WARN_DIRECT_OBJC_ISA_USAGE = YES_ERROR;
				CLANG_WARN_DOCUMENTATION_COMMENTS = YES;
				CLANG_WARN_EMPTY_BODY = YES;
				CLANG_WARN_ENUM_CONVERSION = YES;
				CLANG_WARN_INFINITE_RECURSION = YES;
				CLANG_WARN_INT_CONVERSION = YES;
				CLANG_WARN_NON_LITERAL_NULL_CONVERSION = YES;
				CLANG_WARN_OBJC_IMPLICIT_RETAIN_SELF = YES;
				CLANG_WARN_OBJC_LITERAL_CONVERSION = YES;
				CLANG_WARN_OBJC_ROOT_CLASS = YES_ERROR;
				CLANG_WARN_QUOTED_INCLUDE_IN_FRAMEWORK_HEADER = YES;
				CLANG_WARN_RANGE_LOOP_ANALYSIS = YES;
				CLANG_WARN_STRICT_PROTOTYPES = YES;
				CLANG_WARN_SUSPICIOUS_MOVE = YES;
				CLANG_WARN_UNGUARDED_AVAILABILITY = YES_AGGRESSIVE;
				CLANG_WARN_UNREACHABLE_CODE = YES;
				CLANG_WARN__DUPLICATE_METHOD_MATCH = YES;
				COPY_PHASE_STRIP = NO;
				DEBUG_INFORMATION_FORMAT = dwarf;
				ENABLE_STRICT_OBJC_MSGSEND = YES;
				ENABLE_TESTABILITY = YES;
				GCC_C_LANGUAGE_STANDARD = gnu11;
				GCC_DYNAMIC_NO_PIC = NO;
				GCC_NO_COMMON_BLOCKS = YES;
				GCC_OPTIMIZATION_LEVEL = 0;
				GCC_PREPROCESSOR_DEFINITIONS = (
					"DEBUG=1",
					"$(inherited)",
				);
				GCC_WARN_64_TO_32_BIT_CONVERSION = YES;
				GCC_WARN_ABOUT_RETURN_TYPE = YES_ERROR;
				GCC_WARN_UNDECLARED_SELECTOR = YES;
				GCC_WARN_UNINITIALIZED_AUTOS = YES_AGGRESSIVE;
				GCC_WARN_UNUSED_FUNCTION = YES;
				GCC_WARN_UNUSED_VARIABLE = YES;
				IPHONEOS_DEPLOYMENT_TARGET = 14.4;
				MTL_ENABLE_DEBUG_INFO = INCLUDE_SOURCE;
				MTL_FAST_MATH = YES;
				ONLY_ACTIVE_ARCH = YES;
				SDKROOT = iphoneos;
				SWIFT_ACTIVE_COMPILATION_CONDITIONS = DEBUG;
				SWIFT_OPTIMIZATION_LEVEL = "-Onone";
			};
			name = Debug;
		};
		AB2425BE262879F900F0FFA8 /* Release */ = {
			isa = XCBuildConfiguration;
			buildSettings = {
				ALWAYS_SEARCH_USER_PATHS = NO;
				CLANG_ANALYZER_NONNULL = YES;
				CLANG_ANALYZER_NUMBER_OBJECT_CONVERSION = YES_AGGRESSIVE;
				CLANG_CXX_LANGUAGE_STANDARD = "gnu++14";
				CLANG_CXX_LIBRARY = "libc++";
				CLANG_ENABLE_MODULES = YES;
				CLANG_ENABLE_OBJC_ARC = YES;
				CLANG_ENABLE_OBJC_WEAK = YES;
				CLANG_WARN_BLOCK_CAPTURE_AUTORELEASING = YES;
				CLANG_WARN_BOOL_CONVERSION = YES;
				CLANG_WARN_COMMA = YES;
				CLANG_WARN_CONSTANT_CONVERSION = YES;
				CLANG_WARN_DEPRECATED_OBJC_IMPLEMENTATIONS = YES;
				CLANG_WARN_DIRECT_OBJC_ISA_USAGE = YES_ERROR;
				CLANG_WARN_DOCUMENTATION_COMMENTS = YES;
				CLANG_WARN_EMPTY_BODY = YES;
				CLANG_WARN_ENUM_CONVERSION = YES;
				CLANG_WARN_INFINITE_RECURSION = YES;
				CLANG_WARN_INT_CONVERSION = YES;
				CLANG_WARN_NON_LITERAL_NULL_CONVERSION = YES;
				CLANG_WARN_OBJC_IMPLICIT_RETAIN_SELF = YES;
				CLANG_WARN_OBJC_LITERAL_CONVERSION = YES;
				CLANG_WARN_OBJC_ROOT_CLASS = YES_ERROR;
				CLANG_WARN_QUOTED_INCLUDE_IN_FRAMEWORK_HEADER = YES;
				CLANG_WARN_RANGE_LOOP_ANALYSIS = YES;
				CLANG_WARN_STRICT_PROTOTYPES = YES;
				CLANG_WARN_SUSPICIOUS_MOVE = YES;
				CLANG_WARN_UNGUARDED_AVAILABILITY = YES_AGGRESSIVE;
				CLANG_WARN_UNREACHABLE_CODE = YES;
				CLANG_WARN__DUPLICATE_METHOD_MATCH = YES;
				COPY_PHASE_STRIP = NO;
				DEBUG_INFORMATION_FORMAT = "dwarf-with-dsym";
				ENABLE_NS_ASSERTIONS = NO;
				ENABLE_STRICT_OBJC_MSGSEND = YES;
				GCC_C_LANGUAGE_STANDARD = gnu11;
				GCC_NO_COMMON_BLOCKS = YES;
				GCC_WARN_64_TO_32_BIT_CONVERSION = YES;
				GCC_WARN_ABOUT_RETURN_TYPE = YES_ERROR;
				GCC_WARN_UNDECLARED_SELECTOR = YES;
				GCC_WARN_UNINITIALIZED_AUTOS = YES_AGGRESSIVE;
				GCC_WARN_UNUSED_FUNCTION = YES;
				GCC_WARN_UNUSED_VARIABLE = YES;
				IPHONEOS_DEPLOYMENT_TARGET = 14.4;
				MTL_ENABLE_DEBUG_INFO = NO;
				MTL_FAST_MATH = YES;
				SDKROOT = iphoneos;
				SWIFT_COMPILATION_MODE = wholemodule;
				SWIFT_OPTIMIZATION_LEVEL = "-O";
				VALIDATE_PRODUCT = YES;
			};
			name = Release;
		};
		AB2425C0262879F900F0FFA8 /* Debug */ = {
			isa = XCBuildConfiguration;
			baseConfigurationReference = 5310208B35E747EE8AD07665 /* Pods-oonishiReonKadai5.debug.xcconfig */;
			buildSettings = {
				ASSETCATALOG_COMPILER_APPICON_NAME = AppIcon;
				ASSETCATALOG_COMPILER_GLOBAL_ACCENT_COLOR_NAME = AccentColor;
				CODE_SIGN_STYLE = Automatic;
				INFOPLIST_FILE = oonishiReonKadai5/Info.plist;
				LD_RUNPATH_SEARCH_PATHS = (
					"$(inherited)",
					"@executable_path/Frameworks",
				);
				PRODUCT_BUNDLE_IDENTIFIER = oonishireon.oonishiReonKadai5;
				PRODUCT_NAME = "$(TARGET_NAME)";
				SWIFT_VERSION = 5.0;
				TARGETED_DEVICE_FAMILY = "1,2";
			};
			name = Debug;
		};
		AB2425C1262879F900F0FFA8 /* Release */ = {
			isa = XCBuildConfiguration;
			baseConfigurationReference = C463C6672E0CE2445485BFAC /* Pods-oonishiReonKadai5.release.xcconfig */;
			buildSettings = {
				ASSETCATALOG_COMPILER_APPICON_NAME = AppIcon;
				ASSETCATALOG_COMPILER_GLOBAL_ACCENT_COLOR_NAME = AccentColor;
				CODE_SIGN_STYLE = Automatic;
				INFOPLIST_FILE = oonishiReonKadai5/Info.plist;
				LD_RUNPATH_SEARCH_PATHS = (
					"$(inherited)",
					"@executable_path/Frameworks",
				);
				PRODUCT_BUNDLE_IDENTIFIER = oonishireon.oonishiReonKadai5;
				PRODUCT_NAME = "$(TARGET_NAME)";
				SWIFT_VERSION = 5.0;
				TARGETED_DEVICE_FAMILY = "1,2";
			};
			name = Release;
		};
/* End XCBuildConfiguration section */

/* Begin XCConfigurationList section */
		AB2425A6262879F100F0FFA8 /* Build configuration list for PBXProject "oonishiReonKadai5" */ = {
			isa = XCConfigurationList;
			buildConfigurations = (
				AB2425BD262879F900F0FFA8 /* Debug */,
				AB2425BE262879F900F0FFA8 /* Release */,
			);
			defaultConfigurationIsVisible = 0;
			defaultConfigurationName = Release;
		};
		AB2425BF262879F900F0FFA8 /* Build configuration list for PBXNativeTarget "oonishiReonKadai5" */ = {
			isa = XCConfigurationList;
			buildConfigurations = (
				AB2425C0262879F900F0FFA8 /* Debug */,
				AB2425C1262879F900F0FFA8 /* Release */,
			);
			defaultConfigurationIsVisible = 0;
			defaultConfigurationName = Release;
		};
/* End XCConfigurationList section */
	};
	rootObject = AB2425A3262879F100F0FFA8 /* Project object */;
}
